
Microsoft Visual Studio Solution File, Format Version 12.00
# Visual Studio Version 17
VisualStudioVersion = 17.14.36119.2 d17.14
MinimumVisualStudioVersion = 10.0.40219.1
Project("{FAE04EC0-301F-11D3-BF4B-00C04F79EFBC}") = "atividade_Looping", "atividade_Looping\atividade_Looping.csproj", "{581648C9-0C88-4289-8FA2-A5DF62D7F98D}"
EndProject
Global
	GlobalSection(SolutionConfigurationPlatforms) = preSolution
		Debug|Any CPU = Debug|Any CPU
		Release|Any CPU = Release|Any CPU
	EndGlobalSection
	GlobalSection(ProjectConfigurationPlatforms) = postSolution
		{581648C9-0C88-4289-8FA2-A5DF62D7F98D}.Debug|Any CPU.ActiveCfg = Debug|Any CPU
		{581648C9-0C88-4289-8FA2-A5DF62D7F98D}.Debug|Any CPU.Build.0 = Debug|Any CPU
		{581648C9-0C88-4289-8FA2-A5DF62D7F98D}.Release|Any CPU.ActiveCfg = Release|Any CPU
		{581648C9-0C88-4289-8FA2-A5DF62D7F98D}.Release|Any CPU.Build.0 = Release|Any CPU
	EndGlobalSection
	GlobalSection(SolutionProperties) = preSolution
		HideSolutionNode = FALSE
	EndGlobalSection
	GlobalSection(ExtensibilityGlobals) = postSolution
		SolutionGuid = {753820A4-2BF3-435B-99DD-DD8F5EA8659D}
	EndGlobalSection
EndGlobal
